# This file was autogenerated by Stack.
# You should not edit this file by hand.
# For more information, please see the documentation at:
#   https://docs.haskellstack.org/en/stable/lock_files

packages: []
snapshots:
- completed:
    sha256: 6a7d84094bf948100b933f83f8cff586a41633d59cb1adbb89eefc25405fabe8
    size: 616794
    url: https://raw.githubusercontent.com/commercialhaskell/stackage-snapshots/master/nightly/2022/7/16.yaml
  original: nightly-2022-07-16
